// !$*UTF8*$!
{
	archiveVersion = 1;
	classes = {
	};
	objectVersion = 46;
	objects = {

/* Begin PBXBuildFile section */
		047554061BAE5E1400325AF5 /* LoginViewController.swift in Sources */ = {isa = PBXBuildFile; fileRef = 047554051BAE5E1400325AF5 /* LoginViewController.swift */; };
		07994F891BAE5B8C00DAAE3D /* AppDelegate.swift in Sources */ = {isa = PBXBuildFile; fileRef = 07994F881BAE5B8C00DAAE3D /* AppDelegate.swift */; };
		07994F8E1BAE5B8C00DAAE3D /* Main.storyboard in Resources */ = {isa = PBXBuildFile; fileRef = 07994F8C1BAE5B8C00DAAE3D /* Main.storyboard */; };
		07994F901BAE5B8C00DAAE3D /* Assets.xcassets in Resources */ = {isa = PBXBuildFile; fileRef = 07994F8F1BAE5B8C00DAAE3D /* Assets.xcassets */; };
		07994F931BAE5B8C00DAAE3D /* LaunchScreen.storyboard in Resources */ = {isa = PBXBuildFile; fileRef = 07994F911BAE5B8C00DAAE3D /* LaunchScreen.storyboard */; };
		07994F9C1BAE635700DAAE3D /* MapViewController.swift in Sources */ = {isa = PBXBuildFile; fileRef = 07994F9B1BAE635700DAAE3D /* MapViewController.swift */; settings = {ASSET_TAGS = (); }; };
		07994FA41BAE72F600DAAE3D /* Message.swift in Sources */ = {isa = PBXBuildFile; fileRef = 07994FA11BAE72F600DAAE3D /* Message.swift */; settings = {ASSET_TAGS = (); }; };
		07994FA51BAE72F600DAAE3D /* Treazure.swift in Sources */ = {isa = PBXBuildFile; fileRef = 07994FA21BAE72F600DAAE3D /* Treazure.swift */; settings = {ASSET_TAGS = (); }; };
		07994FA61BAE72F600DAAE3D /* User.swift in Sources */ = {isa = PBXBuildFile; fileRef = 07994FA31BAE72F600DAAE3D /* User.swift */; settings = {ASSET_TAGS = (); }; };
		33061D251BAE7FBC00AC29ED /* UserManager.swift in Sources */ = {isa = PBXBuildFile; fileRef = 33061D241BAE7FBC00AC29ED /* UserManager.swift */; settings = {ASSET_TAGS = (); }; };
		39D6DEAD3442F46CED837DAA /* libPods.a in Frameworks */ = {isa = PBXBuildFile; fileRef = 7A45EC566840D134128942D8 /* libPods.a */; };
/* End PBXBuildFile section */

/* Begin PBXFileReference section */
		047554051BAE5E1400325AF5 /* LoginViewController.swift */ = {isa = PBXFileReference; fileEncoding = 4; lastKnownFileType = sourcecode.swift; path = LoginViewController.swift; sourceTree = "<group>"; };
		047554071BAE5E6300325AF5 /* Tertius-Bridging-Header.h */ = {isa = PBXFileReference; lastKnownFileType = sourcecode.c.h; path = "Tertius-Bridging-Header.h"; sourceTree = SOURCE_ROOT; };
		07994F851BAE5B8C00DAAE3D /* Tertius.app */ = {isa = PBXFileReference; explicitFileType = wrapper.application; includeInIndex = 0; path = Tertius.app; sourceTree = BUILT_PRODUCTS_DIR; };
		07994F881BAE5B8C00DAAE3D /* AppDelegate.swift */ = {isa = PBXFileReference; lastKnownFileType = sourcecode.swift; path = AppDelegate.swift; sourceTree = "<group>"; };
		07994F8D1BAE5B8C00DAAE3D /* Base */ = {isa = PBXFileReference; lastKnownFileType = file.storyboard; name = Base; path = Base.lproj/Main.storyboard; sourceTree = "<group>"; };
		07994F8F1BAE5B8C00DAAE3D /* Assets.xcassets */ = {isa = PBXFileReference; lastKnownFileType = folder.assetcatalog; path = Assets.xcassets; sourceTree = "<group>"; };
		07994F921BAE5B8C00DAAE3D /* Base */ = {isa = PBXFileReference; lastKnownFileType = file.storyboard; name = Base; path = Base.lproj/LaunchScreen.storyboard; sourceTree = "<group>"; };
		07994F941BAE5B8C00DAAE3D /* Info.plist */ = {isa = PBXFileReference; lastKnownFileType = text.plist.xml; path = Info.plist; sourceTree = "<group>"; };
		07994F9B1BAE635700DAAE3D /* MapViewController.swift */ = {isa = PBXFileReference; fileEncoding = 4; lastKnownFileType = sourcecode.swift; path = MapViewController.swift; sourceTree = "<group>"; };
		07994F9F1BAE6FBA00DAAE3D /* Macro.h */ = {isa = PBXFileReference; lastKnownFileType = sourcecode.c.h; path = Macro.h; sourceTree = "<group>"; };
		07994FA11BAE72F600DAAE3D /* Message.swift */ = {isa = PBXFileReference; fileEncoding = 4; lastKnownFileType = sourcecode.swift; path = Message.swift; sourceTree = "<group>"; };
		07994FA21BAE72F600DAAE3D /* Treazure.swift */ = {isa = PBXFileReference; fileEncoding = 4; lastKnownFileType = sourcecode.swift; path = Treazure.swift; sourceTree = "<group>"; };
		07994FA31BAE72F600DAAE3D /* User.swift */ = {isa = PBXFileReference; fileEncoding = 4; lastKnownFileType = sourcecode.swift; path = User.swift; sourceTree = "<group>"; };
		33061D241BAE7FBC00AC29ED /* UserManager.swift */ = {isa = PBXFileReference; fileEncoding = 4; lastKnownFileType = sourcecode.swift; path = UserManager.swift; sourceTree = "<group>"; };
		6957073194592EEC6E94D6EA /* Pods.release.xcconfig */ = {isa = PBXFileReference; includeInIndex = 1; lastKnownFileType = text.xcconfig; name = Pods.release.xcconfig; path = "Pods/Target Support Files/Pods/Pods.release.xcconfig"; sourceTree = "<group>"; };
		77B53E6A070D85EA36D89DAB /* Pods.debug.xcconfig */ = {isa = PBXFileReference; includeInIndex = 1; lastKnownFileType = text.xcconfig; name = Pods.debug.xcconfig; path = "Pods/Target Support Files/Pods/Pods.debug.xcconfig"; sourceTree = "<group>"; };
		7A45EC566840D134128942D8 /* libPods.a */ = {isa = PBXFileReference; explicitFileType = archive.ar; includeInIndex = 0; path = libPods.a; sourceTree = BUILT_PRODUCTS_DIR; };
/* End PBXFileReference section */

/* Begin PBXFrameworksBuildPhase section */
		07994F821BAE5B8C00DAAE3D /* Frameworks */ = {
			isa = PBXFrameworksBuildPhase;
			buildActionMask = 2147483647;
			files = (
				39D6DEAD3442F46CED837DAA /* libPods.a in Frameworks */,
			);
			runOnlyForDeploymentPostprocessing = 0;
		};
/* End PBXFrameworksBuildPhase section */

/* Begin PBXGroup section */
		0475540A1BAE5EA400325AF5 /* Login */ = {
			isa = PBXGroup;
			children = (
				047554051BAE5E1400325AF5 /* LoginViewController.swift */,
			);
			name = Login;
			sourceTree = "<group>";
		};
		064CA4A2F883B3BEA10006C5 /* Frameworks */ = {
			isa = PBXGroup;
			children = (
				7A45EC566840D134128942D8 /* libPods.a */,
			);
			name = Frameworks;
			sourceTree = "<group>";
		};
		07994F7C1BAE5B8C00DAAE3D = {
			isa = PBXGroup;
			children = (
				07994F871BAE5B8C00DAAE3D /* Tertius */,
				07994F861BAE5B8C00DAAE3D /* Products */,
				B819E4BF7BB5E2E5AB905BAA /* Pods */,
				064CA4A2F883B3BEA10006C5 /* Frameworks */,
			);
			sourceTree = "<group>";
		};
		07994F861BAE5B8C00DAAE3D /* Products */ = {
			isa = PBXGroup;
			children = (
				07994F851BAE5B8C00DAAE3D /* Tertius.app */,
			);
			name = Products;
			sourceTree = "<group>";
		};
		07994F871BAE5B8C00DAAE3D /* Tertius */ = {
			isa = PBXGroup;
			children = (
				07994FA01BAE72F000DAAE3D /* Models */,
				07994F9E1BAE638300DAAE3D /* Map */,
				0475540A1BAE5EA400325AF5 /* Login */,
				07994F8C1BAE5B8C00DAAE3D /* Main.storyboard */,
				07994F9D1BAE636700DAAE3D /* Supporting Files */,
			);
			path = Tertius;
			sourceTree = "<group>";
		};
		07994F9D1BAE636700DAAE3D /* Supporting Files */ = {
			isa = PBXGroup;
			children = (
				07994F881BAE5B8C00DAAE3D /* AppDelegate.swift */,
				07994F8F1BAE5B8C00DAAE3D /* Assets.xcassets */,
				07994F911BAE5B8C00DAAE3D /* LaunchScreen.storyboard */,
				07994F941BAE5B8C00DAAE3D /* Info.plist */,
				047554071BAE5E6300325AF5 /* Tertius-Bridging-Header.h */,
				07994F9F1BAE6FBA00DAAE3D /* Macro.h */,
			);
			name = "Supporting Files";
			sourceTree = "<group>";
		};
		07994F9E1BAE638300DAAE3D /* Map */ = {
			isa = PBXGroup;
			children = (
				07994F9B1BAE635700DAAE3D /* MapViewController.swift */,
			);
			name = Map;
			sourceTree = "<group>";
		};
		07994FA01BAE72F000DAAE3D /* Models */ = {
			isa = PBXGroup;
			children = (
				07994FA11BAE72F600DAAE3D /* Message.swift */,
				07994FA21BAE72F600DAAE3D /* Treazure.swift */,
				07994FA31BAE72F600DAAE3D /* User.swift */,
				33061D241BAE7FBC00AC29ED /* UserManager.swift */,
			);
			name = Models;
			sourceTree = "<group>";
		};
		B819E4BF7BB5E2E5AB905BAA /* Pods */ = {
			isa = PBXGroup;
			children = (
				77B53E6A070D85EA36D89DAB /* Pods.debug.xcconfig */,
				6957073194592EEC6E94D6EA /* Pods.release.xcconfig */,
			);
			name = Pods;
			sourceTree = "<group>";
		};
/* End PBXGroup section */

/* Begin PBXNativeTarget section */
		07994F841BAE5B8C00DAAE3D /* Tertius */ = {
			isa = PBXNativeTarget;
			buildConfigurationList = 07994F971BAE5B8C00DAAE3D /* Build configuration list for PBXNativeTarget "Tertius" */;
			buildPhases = (
				E7472664FCA47C9CD41544BD /* Check Pods Manifest.lock */,
				07994F811BAE5B8C00DAAE3D /* Sources */,
				07994F821BAE5B8C00DAAE3D /* Frameworks */,
				07994F831BAE5B8C00DAAE3D /* Resources */,
				28AE34E2204E39DCA89119EE /* Copy Pods Resources */,
			);
			buildRules = (
			);
			dependencies = (
			);
			name = Tertius;
			productName = Tertius;
			productReference = 07994F851BAE5B8C00DAAE3D /* Tertius.app */;
			productType = "com.apple.product-type.application";
		};
/* End PBXNativeTarget section */

/* Begin PBXProject section */
		07994F7D1BAE5B8C00DAAE3D /* Project object */ = {
			isa = PBXProject;
			attributes = {
				LastSwiftUpdateCheck = 0700;
				LastUpgradeCheck = 0700;
				ORGANIZATIONNAME = "Ryan Li";
				TargetAttributes = {
					07994F841BAE5B8C00DAAE3D = {
						CreatedOnToolsVersion = 7.0;
					};
				};
			};
			buildConfigurationList = 07994F801BAE5B8C00DAAE3D /* Build configuration list for PBXProject "Tertius" */;
			compatibilityVersion = "Xcode 3.2";
			developmentRegion = English;
			hasScannedForEncodings = 0;
			knownRegions = (
				en,
				Base,
			);
			mainGroup = 07994F7C1BAE5B8C00DAAE3D;
			productRefGroup = 07994F861BAE5B8C00DAAE3D /* Products */;
			projectDirPath = "";
			projectRoot = "";
			targets = (
				07994F841BAE5B8C00DAAE3D /* Tertius */,
			);
		};
/* End PBXProject section */

/* Begin PBXResourcesBuildPhase section */
		07994F831BAE5B8C00DAAE3D /* Resources */ = {
			isa = PBXResourcesBuildPhase;
			buildActionMask = 2147483647;
			files = (
				07994F931BAE5B8C00DAAE3D /* LaunchScreen.storyboard in Resources */,
				07994F901BAE5B8C00DAAE3D /* Assets.xcassets in Resources */,
				07994F8E1BAE5B8C00DAAE3D /* Main.storyboard in Resources */,
			);
			runOnlyForDeploymentPostprocessing = 0;
		};
/* End PBXResourcesBuildPhase section */

/* Begin PBXShellScriptBuildPhase section */
		28AE34E2204E39DCA89119EE /* Copy Pods Resources */ = {
			isa = PBXShellScriptBuildPhase;
			buildActionMask = 2147483647;
			files = (
			);
			inputPaths = (
			);
			name = "Copy Pods Resources";
			outputPaths = (
			);
			runOnlyForDeploymentPostprocessing = 0;
			shellPath = /bin/sh;
			shellScript = "\"${SRCROOT}/Pods/Target Support Files/Pods/Pods-resources.sh\"\n";
			showEnvVarsInLog = 0;
		};
		E7472664FCA47C9CD41544BD /* Check Pods Manifest.lock */ = {
			isa = PBXShellScriptBuildPhase;
			buildActionMask = 2147483647;
			files = (
			);
			inputPaths = (
			);
			name = "Check Pods Manifest.lock";
			outputPaths = (
			);
			runOnlyForDeploymentPostprocessing = 0;
			shellPath = /bin/sh;
			shellScript = "diff \"${PODS_ROOT}/../Podfile.lock\" \"${PODS_ROOT}/Manifest.lock\" > /dev/null\nif [[ $? != 0 ]] ; then\n    cat << EOM\nerror: The sandbox is not in sync with the Podfile.lock. Run 'pod install' or update your CocoaPods installation.\nEOM\n    exit 1\nfi\n";
			showEnvVarsInLog = 0;
		};
/* End PBXShellScriptBuildPhase section */

/* Begin PBXSourcesBuildPhase section */
		07994F811BAE5B8C00DAAE3D /* Sources */ = {
			isa = PBXSourcesBuildPhase;
			buildActionMask = 2147483647;
			files = (
				047554061BAE5E1400325AF5 /* LoginViewController.swift in Sources */,
				07994FA41BAE72F600DAAE3D /* Message.swift in Sources */,
				33061D251BAE7FBC00AC29ED /* UserManager.swift in Sources */,
				07994FA61BAE72F600DAAE3D /* User.swift in Sources */,
				07994FA51BAE72F600DAAE3D /* Treazure.swift in Sources */,
				07994F9C1BAE635700DAAE3D /* MapViewController.swift in Sources */,
				07994F891BAE5B8C00DAAE3D /* AppDelegate.swift in Sources */,
			);
			runOnlyForDeploymentPostprocessing = 0;
		};
/* End PBXSourcesBuildPhase section */

/* Begin PBXVariantGroup section */
		07994F8C1BAE5B8C00DAAE3D /* Main.storyboard */ = {
			isa = PBXVariantGroup;
			children = (
				07994F8D1BAE5B8C00DAAE3D /* Base */,
			);
			name = Main.storyboard;
			sourceTree = "<group>";
		};
		07994F911BAE5B8C00DAAE3D /* LaunchScreen.storyboard */ = {
			isa = PBXVariantGroup;
			children = (
				07994F921BAE5B8C00DAAE3D /* Base */,
			);
			name = LaunchScreen.storyboard;
			sourceTree = "<group>";
		};
/* End PBXVariantGroup section */

/* Begin XCBuildConfiguration section */
		07994F951BAE5B8C00DAAE3D /* Debug */ = {
			isa = XCBuildConfiguration;
			buildSettings = {
				ALWAYS_SEARCH_USER_PATHS = NO;
				CLANG_CXX_LANGUAGE_STANDARD = "gnu++0x";
				CLANG_CXX_LIBRARY = "libc++";
				CLANG_ENABLE_MODULES = YES;
				CLANG_ENABLE_OBJC_ARC = YES;
				CLANG_WARN_BOOL_CONVERSION = YES;
				CLANG_WARN_CONSTANT_CONVERSION = YES;
				CLANG_WARN_DIRECT_OBJC_ISA_USAGE = YES_ERROR;
				CLANG_WARN_EMPTY_BODY = YES;
				CLANG_WARN_ENUM_CONVERSION = YES;
				CLANG_WARN_INT_CONVERSION = YES;
				CLANG_WARN_OBJC_ROOT_CLASS = YES_ERROR;
				CLANG_WARN_UNREACHABLE_CODE = YES;
				CLANG_WARN__DUPLICATE_METHOD_MATCH = YES;
				"CODE_SIGN_IDENTITY[sdk=iphoneos*]" = "iPhone Developer";
				COPY_PHASE_STRIP = NO;
				DEBUG_INFORMATION_FORMAT = dwarf;
				ENABLE_STRICT_OBJC_MSGSEND = YES;
				ENABLE_TESTABILITY = YES;
				GCC_C_LANGUAGE_STANDARD = gnu99;
				GCC_DYNAMIC_NO_PIC = NO;
				GCC_NO_COMMON_BLOCKS = YES;
				GCC_OPTIMIZATION_LEVEL = 0;
				GCC_PREPROCESSOR_DEFINITIONS = (
					"DEBUG=1",
					"$(inherited)",
				);
				GCC_WARN_64_TO_32_BIT_CONVERSION = YES;
				GCC_WARN_ABOUT_RETURN_TYPE = YES_ERROR;
				GCC_WARN_UNDECLARED_SELECTOR = YES;
				GCC_WARN_UNINITIALIZED_AUTOS = YES_AGGRESSIVE;
				GCC_WARN_UNUSED_FUNCTION = YES;
				GCC_WARN_UNUSED_VARIABLE = YES;
				IPHONEOS_DEPLOYMENT_TARGET = 9.0;
				MTL_ENABLE_DEBUG_INFO = YES;
				ONLY_ACTIVE_ARCH = YES;
				SDKROOT = iphoneos;
				SWIFT_OPTIMIZATION_LEVEL = "-Onone";
				TARGETED_DEVICE_FAMILY = "1,2";
			};
			name = Debug;
		};
		07994F961BAE5B8C00DAAE3D /* Release */ = {
			isa = XCBuildConfiguration;
			buildSettings = {
				ALWAYS_SEARCH_USER_PATHS = NO;
				CLANG_CXX_LANGUAGE_STANDARD = "gnu++0x";
				CLANG_CXX_LIBRARY = "libc++";
				CLANG_ENABLE_MODULES = YES;
				CLANG_ENABLE_OBJC_ARC = YES;
				CLANG_WARN_BOOL_CONVERSION = YES;
				CLANG_WARN_CONSTANT_CONVERSION = YES;
				CLANG_WARN_DIRECT_OBJC_ISA_USAGE = YES_ERROR;
				CLANG_WARN_EMPTY_BODY = YES;
				CLANG_WARN_ENUM_CONVERSION = YES;
				CLANG_WARN_INT_CONVERSION = YES;
				CLANG_WARN_OBJC_ROOT_CLASS = YES_ERROR;
				CLANG_WARN_UNREACHABLE_CODE = YES;
				CLANG_WARN__DUPLICATE_METHOD_MATCH = YES;
				"CODE_SIGN_IDENTITY[sdk=iphoneos*]" = "iPhone Developer";
				COPY_PHASE_STRIP = NO;
				DEBUG_INFORMATION_FORMAT = "dwarf-with-dsym";
				ENABLE_NS_ASSERTIONS = NO;
				ENABLE_STRICT_OBJC_MSGSEND = YES;
				GCC_C_LANGUAGE_STANDARD = gnu99;
				GCC_NO_COMMON_BLOCKS = YES;
				GCC_WARN_64_TO_32_BIT_CONVERSION = YES;
				GCC_WARN_ABOUT_RETURN_TYPE = YES_ERROR;
				GCC_WARN_UNDECLARED_SELECTOR = YES;
				GCC_WARN_UNINITIALIZED_AUTOS = YES_AGGRESSIVE;
				GCC_WARN_UNUSED_FUNCTION = YES;
				GCC_WARN_UNUSED_VARIABLE = YES;
				IPHONEOS_DEPLOYMENT_TARGET = 9.0;
				MTL_ENABLE_DEBUG_INFO = NO;
				SDKROOT = iphoneos;
				TARGETED_DEVICE_FAMILY = "1,2";
				VALIDATE_PRODUCT = YES;
			};
			name = Release;
		};
		07994F981BAE5B8C00DAAE3D /* Debug */ = {
			isa = XCBuildConfiguration;
			baseConfigurationReference = 77B53E6A070D85EA36D89DAB /* Pods.debug.xcconfig */;
			buildSettings = {
				ASSETCATALOG_COMPILER_APPICON_NAME = AppIcon;
				CLANG_ENABLE_MODULES = YES;
				CODE_SIGN_IDENTITY = "iPhone Developer";
				ENABLE_BITCODE = NO;
				INFOPLIST_FILE = Tertius/Info.plist;
				IPHONEOS_DEPLOYMENT_TARGET = 8.0;
				LD_RUNPATH_SEARCH_PATHS = "$(inherited) @executable_path/Frameworks";
				PRODUCT_BUNDLE_IDENTIFIER = me.ryanli.Tertius;
				PRODUCT_NAME = "$(TARGET_NAME)";
				SWIFT_OBJC_BRIDGING_HEADER = "Tertius-Bridging-Header.h";
				SWIFT_OPTIMIZATION_LEVEL = "-Onone";
			};
			name = Debug;
		};
		07994F991BAE5B8C00DAAE3D /* Release */ = {
			isa = XCBuildConfiguration;
			baseConfigurationReference = 6957073194592EEC6E94D6EA /* Pods.release.xcconfig */;
			buildSettings = {
				ASSETCATALOG_COMPILER_APPICON_NAME = AppIcon;
				CLANG_ENABLE_MODULES = YES;
				CODE_SIGN_IDENTITY = "iPhone Developer";
				ENABLE_BITCODE = NO;
				INFOPLIST_FILE = Tertius/Info.plist;
				IPHONEOS_DEPLOYMENT_TARGET = 8.0;
				LD_RUNPATH_SEARCH_PATHS = "$(inherited) @executable_path/Frameworks";
				PRODUCT_BUNDLE_IDENTIFIER = me.ryanli.Tertius;
				PRODUCT_NAME = "$(TARGET_NAME)";
				SWIFT_OBJC_BRIDGING_HEADER = "Tertius-Bridging-Header.h";
			};
			name = Release;
		};
/* End XCBuildConfiguration section */

/* Begin XCConfigurationList section */
		07994F801BAE5B8C00DAAE3D /* Build configuration list for PBXProject "Tertius" */ = {
			isa = XCConfigurationList;
			buildConfigurations = (
				07994F951BAE5B8C00DAAE3D /* Debug */,
				07994F961BAE5B8C00DAAE3D /* Release */,
			);
			defaultConfigurationIsVisible = 0;
			defaultConfigurationName = Release;
		};
		07994F971BAE5B8C00DAAE3D /* Build configuration list for PBXNativeTarget "Tertius" */ = {
			isa = XCConfigurationList;
			buildConfigurations = (
				07994F981BAE5B8C00DAAE3D /* Debug */,
				07994F991BAE5B8C00DAAE3D /* Release */,
			);
			defaultConfigurationIsVisible = 0;
			defaultConfigurationName = Release;
		};
/* End XCConfigurationList section */
	};
	rootObject = 07994F7D1BAE5B8C00DAAE3D /* Project object */;
}
