PODS:
  - Bolts/Tasks (1.2.2)
  - DateTools (1.7.0)
  - GoogleMaps (1.10.2)
  - INTULocationManager (4.0.0)
  - JGProgressHUD (1.3)
  - libextobjc (0.4.1):
    - libextobjc/EXTADT (= 0.4.1)
    - libextobjc/EXTConcreteProtocol (= 0.4.1)
    - libextobjc/EXTKeyPathCoding (= 0.4.1)
    - libextobjc/EXTNil (= 0.4.1)
    - libextobjc/EXTSafeCategory (= 0.4.1)
    - libextobjc/EXTScope (= 0.4.1)
    - libextobjc/EXTSelectorChecking (= 0.4.1)
    - libextobjc/EXTSynthesize (= 0.4.1)
    - libextobjc/NSInvocation+EXT (= 0.4.1)
    - libextobjc/NSMethodSignature+EXT (= 0.4.1)
    - libextobjc/RuntimeExtensions (= 0.4.1)
    - libextobjc/UmbrellaHeader (= 0.4.1)
  - libextobjc/EXTADT (0.4.1):
    - libextobjc/RuntimeExtensions
  - libextobjc/EXTConcreteProtocol (0.4.1):
    - libextobjc/RuntimeExtensions
  - libextobjc/EXTKeyPathCoding (0.4.1):
    - libextobjc/RuntimeExtensions
  - libextobjc/EXTNil (0.4.1):
    - libextobjc/RuntimeExtensions
  - libextobjc/EXTSafeCategory (0.4.1):
    - libextobjc/RuntimeExtensions
  - libextobjc/EXTScope (0.4.1):
    - libextobjc/RuntimeExtensions
  - libextobjc/EXTSelectorChecking (0.4.1):
    - libextobjc/RuntimeExtensions
  - libextobjc/EXTSynthesize (0.4.1):
    - libextobjc/RuntimeExtensions
  - libextobjc/NSInvocation+EXT (0.4.1):
    - libextobjc/RuntimeExtensions
  - libextobjc/NSMethodSignature+EXT (0.4.1):
    - libextobjc/RuntimeExtensions
  - libextobjc/RuntimeExtensions (0.4.1)
  - libextobjc/UmbrellaHeader (0.4.1)
  - Parse (1.8.5):
    - Bolts/Tasks (>= 1.2.2)

DEPENDENCIES:
  - DateTools
  - GoogleMaps
  - INTULocationManager
  - JGProgressHUD
  - libextobjc
  - Parse

SPEC CHECKSUMS:
  Bolts: 20a2bd788273360cb1e31530dc19b8544eef2544
  DateTools: 53288ee8b905fdc75897a1e6b5cc0144b14cba60
  GoogleMaps: 5c92e599b07b0a2a9b367c5dd128edc629bddfea
  INTULocationManager: 754f2800415378b7bb2c07be103449e1f6a2cc70
  JGProgressHUD: a58f62d3afac173d201250c3ba628fe44bd67017
  libextobjc: a650fc1bf489a3d3a9bc2e621efa3e1006fc5471
  Parse: 17ad8e0677ed682f7f00503860fcda0f4eb74168

COCOAPODS: 0.38.2
